{
  "name": "eslint-test-copy",
  "lockfileVersion": 2,
  "requires": true,
  "packages": {
    "": {
      "devDependencies": {
        "husky": "^8.0.3",
        "lint-staged": "^15.0.2"
      }
    },
    "node_modules/ansi-escapes": {
      "version": "5.0.0",
      "resolved": "https://repo.corp.qunar.com/artifactory/api/npm/npm-qunar/ansi-escapes/-/ansi-escapes-5.0.0.tgz",
      "integrity": "sha1-tqDK8O7wxBrxkOmnSeDADsBLsqY=",
      "dev": true,
      "license": "MIT",
      "dependencies": {
        "type-fest": "^1.0.2"
      },
      "engines": {
        "node": ">=12"
      },
      "funding": {
        "url": "https://github.com/sponsors/sindresorhus"
      }
    },
    "node_modules/ansi-escapes/node_modules/type-fest": {
      "version": "1.4.0",
      "resolved": "https://repo.corp.qunar.com/artifactory/api/npm/npm-qunar/type-fest/-/type-fest-1.4.0.tgz",
      "integrity": "sha1-6fuBP+O/F0TsNZ1V0a/++nbxS+E=",
      "dev": true,
      "license": "(MIT OR CC0-1.0)",
      "engines": {
        "node": ">=10"
      },
      "funding": {
        "url": "https://github.com/sponsors/sindresorhus"
      }
    },
    "node_modules/braces": {
      "version": "3.0.2",
      "resolved": "https://repo.corp.qunar.com/artifactory/api/npm/npm-qunar/braces/-/braces-3.0.2.tgz",
      "integrity": "sha1-NFThpGLujVmeI23zNs2epPiv4Qc=",
      "dev": true,
      "license": "MIT",
      "dependencies": {
        "fill-range": "^7.0.1"
      },
      "engines": {
        "node": ">=8"
      }
    },
    "node_modules/cli-cursor": {
      "version": "4.0.0",
      "resolved": "https://repo.corp.qunar.com/artifactory/api/npm/npm-qunar/cli-cursor/-/cli-cursor-4.0.0.tgz",
      "integrity": "sha1-POz+NzS/T+Aqg2HL3A9v4oxqV+o=",
      "dev": true,
      "license": "MIT",
      "dependencies": {
        "restore-cursor": "^4.0.0"
      },
      "engines": {
        "node": "^12.20.0 || ^14.13.1 || >=16.0.0"
      },
      "funding": {
        "url": "https://github.com/sponsors/sindresorhus"
      }
    },
    "node_modules/cli-truncate": {
      "version": "3.1.0",
      "resolved": "https://repo.corp.qunar.com/artifactory/api/npm/npm-qunar/cli-truncate/-/cli-truncate-3.1.0.tgz",
      "integrity": "sha1-PyOrElNePXPoObtD5zyd5IfbE4k=",
      "dev": true,
      "license": "MIT",
      "dependencies": {
        "slice-ansi": "^5.0.0",
        "string-width": "^5.0.0"
      },
      "engines": {
        "node": "^12.20.0 || ^14.13.1 || >=16.0.0"
      },
      "funding": {
        "url": "https://github.com/sponsors/sindresorhus"
      }
    },
    "node_modules/colorette": {
      "version": "2.0.20",
      "resolved": "https://repo.corp.qunar.com/artifactory/api/npm/npm-qunar/colorette/-/colorette-2.0.20.tgz",
      "integrity": "sha1-nreT5oMwZ/cjWQL807CZF6AAqVo=",
      "dev": true,
      "license": "MIT"
    },
    "node_modules/commander": {
      "version": "11.1.0",
      "resolved": "https://repo.corp.qunar.com/artifactory/api/npm/npm-qunar/commander/-/commander-11.1.0.tgz",
      "integrity": "sha1-Yv3OdgBqaOXBqzMU3JLoAOuD2QY=",
      "dev": true,
      "license": "MIT",
      "engines": {
        "node": ">=16"
      }
    },
    "node_modules/cross-spawn": {
      "version": "7.0.3",
      "resolved": "https://repo.corp.qunar.com/artifactory/api/npm/npm-qunar/cross-spawn/-/cross-spawn-7.0.3.tgz",
      "integrity": "sha1-9zqFudXUHQRVUcF34ogtSshXKKY=",
      "dev": true,
      "license": "MIT",
      "dependencies": {
        "path-key": "^3.1.0",
        "shebang-command": "^2.0.0",
        "which": "^2.0.1"
      },
      "engines": {
        "node": ">= 8"
      }
    },
    "node_modules/debug": {
      "version": "4.3.4",
      "resolved": "https://repo.corp.qunar.com/artifactory/api/npm/npm-qunar/debug/-/debug-4.3.4.tgz",
      "integrity": "sha1-Exn2V5NX8jONMzfSzdSRS7XcyGU=",
      "dev": true,
      "license": "MIT",
      "dependencies": {
        "ms": "2.1.2"
      },
      "engines": {
        "node": ">=6.0"
      },
      "peerDependenciesMeta": {
        "supports-color": {
          "optional": true
        }
      }
    },
    "node_modules/eastasianwidth": {
      "version": "0.2.0",
      "resolved": "https://repo.corp.qunar.com/artifactory/api/npm/npm-qunar/eastasianwidth/-/eastasianwidth-0.2.0.tgz",
      "integrity": "sha1-aWzi7Aqg5uqTo5f/zySqeEDIJ8s=",
      "dev": true,
      "license": "MIT"
    },
    "node_modules/emoji-regex": {
      "version": "9.2.2",
      "resolved": "https://repo.corp.qunar.com/artifactory/api/npm/npm-qunar/emoji-regex/-/emoji-regex-9.2.2.tgz",
      "integrity": "sha1-hAyIA7DYBH9P8M+WMXazLU7z7XI=",
      "dev": true,
      "license": "MIT"
    },
    "node_modules/eventemitter3": {
      "version": "5.0.1",
      "resolved": "https://repo.corp.qunar.com/artifactory/api/npm/npm-qunar/eventemitter3/-/eventemitter3-5.0.1.tgz",
      "integrity": "sha1-U/X/0KSSrIAHIbtCxmuEHelkI8Q=",
      "dev": true,
      "license": "MIT"
    },
    "node_modules/execa": {
      "version": "8.0.1",
      "resolved": "https://repo.corp.qunar.com/artifactory/api/npm/npm-qunar/execa/-/execa-8.0.1.tgz",
      "integrity": "sha1-UfallDtYD5Y8PKnGMheW24zDm4w=",
      "dev": true,
      "license": "MIT",
      "dependencies": {
        "cross-spawn": "^7.0.3",
        "get-stream": "^8.0.1",
        "human-signals": "^5.0.0",
        "is-stream": "^3.0.0",
        "merge-stream": "^2.0.0",
        "npm-run-path": "^5.1.0",
        "onetime": "^6.0.0",
        "signal-exit": "^4.1.0",
        "strip-final-newline": "^3.0.0"
      },
      "engines": {
        "node": ">=16.17"
      },
      "funding": {
        "url": "https://github.com/sindresorhus/execa?sponsor=1"
      }
    },
    "node_modules/fill-range": {
      "version": "7.0.1",
      "resolved": "https://repo.corp.qunar.com/artifactory/api/npm/npm-qunar/fill-range/-/fill-range-7.0.1.tgz",
      "integrity": "sha1-GRmmp8df44ssfHflGYU12prN2kA=",
      "dev": true,
      "license": "MIT",
      "dependencies": {
        "to-regex-range": "^5.0.1"
      },
      "engines": {
        "node": ">=8"
      }
    },
    "node_modules/get-stream": {
      "version": "8.0.1",
      "resolved": "https://repo.corp.qunar.com/artifactory/api/npm/npm-qunar/get-stream/-/get-stream-8.0.1.tgz",
      "integrity": "sha1-3vnf1xdCzXdUp3Ye1DdJon0C7KI=",
      "dev": true,
      "license": "MIT",
      "engines": {
        "node": ">=16"
      },
      "funding": {
        "url": "https://github.com/sponsors/sindresorhus"
      }
    },
    "node_modules/human-signals": {
      "version": "5.0.0",
      "resolved": "https://repo.corp.qunar.com/artifactory/api/npm/npm-qunar/human-signals/-/human-signals-5.0.0.tgz",
      "integrity": "sha1-QmZaKE+a4NreO6QevDfrS4UvOig=",
      "dev": true,
      "license": "Apache-2.0",
      "engines": {
        "node": ">=16.17.0"
      }
    },
    "node_modules/husky": {
      "version": "8.0.3",
      "resolved": "https://repo.corp.qunar.com/artifactory/api/npm/npm-qunar/husky/-/husky-8.0.3.tgz",
      "integrity": "sha1-STbXIS5G0d6ij+8puzoQiHLNkYQ=",
      "dev": true,
      "license": "MIT",
      "bin": {
        "husky": "lib/bin.js"
      },
      "engines": {
        "node": ">=14"
      },
      "funding": {
        "url": "https://github.com/sponsors/typicode"
      }
    },
    "node_modules/is-fullwidth-code-point": {
      "version": "4.0.0",
      "resolved": "https://repo.corp.qunar.com/artifactory/api/npm/npm-qunar/is-fullwidth-code-point/-/is-fullwidth-code-point-4.0.0.tgz",
      "integrity": "sha1-+uMWfHKedGP4RhzlErCApJJoqog=",
      "dev": true,
      "license": "MIT",
      "engines": {
        "node": ">=12"
      },
      "funding": {
        "url": "https://github.com/sponsors/sindresorhus"
      }
    },
    "node_modules/is-number": {
      "version": "7.0.0",
      "resolved": "https://repo.corp.qunar.com/artifactory/api/npm/npm-qunar/is-number/-/is-number-7.0.0.tgz",
      "integrity": "sha1-dTU0W4lnNNX4DE0GxQlVUnoU8Ss=",
      "dev": true,
      "license": "MIT",
      "engines": {
        "node": ">=0.12.0"
      }
    },
    "node_modules/is-stream": {
      "version": "3.0.0",
      "resolved": "https://repo.corp.qunar.com/artifactory/api/npm/npm-qunar/is-stream/-/is-stream-3.0.0.tgz",
      "integrity": "sha1-5r/XqmvvafT0cs6btoHj5XtDGaw=",
      "dev": true,
      "license": "MIT",
      "engines": {
        "node": "^12.20.0 || ^14.13.1 || >=16.0.0"
      },
      "funding": {
        "url": "https://github.com/sponsors/sindresorhus"
      }
    },
    "node_modules/isexe": {
      "version": "2.0.0",
      "resolved": "https://repo.corp.qunar.com/artifactory/api/npm/npm-qunar/isexe/-/isexe-2.0.0.tgz",
      "integrity": "sha1-6PvzdNxVb/iUehDcsFctYz8s+hA=",
      "dev": true,
      "license": "ISC"
    },
    "node_modules/lilconfig": {
      "version": "2.1.0",
      "resolved": "https://repo.corp.qunar.com/artifactory/api/npm/npm-qunar/lilconfig/-/lilconfig-2.1.0.tgz",
      "integrity": "sha1-eOI6yJ67fhv78lsYBD3nVlSOf1I=",
      "dev": true,
      "license": "MIT",
      "engines": {
        "node": ">=10"
      }
    },
    "node_modules/lint-staged": {
      "version": "15.0.2",
      "resolved": "https://repo.corp.qunar.com/artifactory/api/npm/npm-qunar/lint-staged/-/lint-staged-15.0.2.tgz",
      "integrity": "sha1-q+9xMYLsJ3AUPkCl1tATD+Ye1EI=",
      "dev": true,
      "license": "MIT",
      "dependencies": {
        "chalk": "5.3.0",
        "commander": "11.1.0",
        "debug": "4.3.4",
        "execa": "8.0.1",
        "lilconfig": "2.1.0",
        "listr2": "7.0.2",
        "micromatch": "4.0.5",
        "pidtree": "0.6.0",
        "string-argv": "0.3.2",
        "yaml": "2.3.3"
      },
      "bin": {
        "lint-staged": "bin/lint-staged.js"
      },
      "engines": {
        "node": ">=18.12.0"
      },
      "funding": {
        "url": "https://opencollective.com/lint-staged"
      }
    },
    "node_modules/lint-staged/node_modules/chalk": {
      "version": "5.3.0",
      "resolved": "https://repo.corp.qunar.com/artifactory/api/npm/npm-qunar/chalk/-/chalk-5.3.0.tgz",
      "integrity": "sha1-Z8IKfr73Dn85cKAfkPohDLaGA4U=",
      "dev": true,
      "license": "MIT",
      "engines": {
        "node": "^12.17.0 || ^14.13 || >=16.0.0"
      },
      "funding": {
        "url": "https://github.com/chalk/chalk?sponsor=1"
      }
    },
    "node_modules/listr2": {
      "version": "7.0.2",
      "resolved": "https://repo.corp.qunar.com/artifactory/api/npm/npm-qunar/listr2/-/listr2-7.0.2.tgz",
      "integrity": "sha1-OqPhVJ3688V6te6rp1TaO4fzMGM=",
      "dev": true,
      "license": "MIT",
      "dependencies": {
        "cli-truncate": "^3.1.0",
        "colorette": "^2.0.20",
        "eventemitter3": "^5.0.1",
        "log-update": "^5.0.1",
        "rfdc": "^1.3.0",
        "wrap-ansi": "^8.1.0"
      },
      "engines": {
        "node": ">=16.0.0"
      }
    },
    "node_modules/log-update": {
      "version": "5.0.1",
      "resolved": "https://repo.corp.qunar.com/artifactory/api/npm/npm-qunar/log-update/-/log-update-5.0.1.tgz",
      "integrity": "sha1-npKL9wyxg8HwyekdnmtxFdWXzgk=",
      "dev": true,
      "license": "MIT",
      "dependencies": {
        "ansi-escapes": "^5.0.0",
        "cli-cursor": "^4.0.0",
        "slice-ansi": "^5.0.0",
        "strip-ansi": "^7.0.1",
        "wrap-ansi": "^8.0.1"
      },
      "engines": {
        "node": "^12.20.0 || ^14.13.1 || >=16.0.0"
      },
      "funding": {
        "url": "https://github.com/sponsors/sindresorhus"
      }
    },
    "node_modules/log-update/node_modules/ansi-regex": {
      "version": "6.0.1",
      "resolved": "https://repo.corp.qunar.com/artifactory/api/npm/npm-qunar/ansi-regex/-/ansi-regex-6.0.1.tgz",
      "integrity": "sha1-MYPjj66aZdfLXlOUXNWJfQJgoGo=",
      "dev": true,
      "license": "MIT",
      "engines": {
        "node": ">=12"
      },
      "funding": {
        "url": "https://github.com/chalk/ansi-regex?sponsor=1"
      }
    },
    "node_modules/log-update/node_modules/strip-ansi": {
      "version": "7.1.0",
      "resolved": "https://repo.corp.qunar.com/artifactory/api/npm/npm-qunar/strip-ansi/-/strip-ansi-7.1.0.tgz",
      "integrity": "sha1-1bZWjKaJ2FYTcLBwdoXSJDT6/0U=",
      "dev": true,
      "license": "MIT",
      "dependencies": {
        "ansi-regex": "^6.0.1"
      },
      "engines": {
        "node": ">=12"
      },
      "funding": {
        "url": "https://github.com/chalk/strip-ansi?sponsor=1"
      }
    },
    "node_modules/merge-stream": {
      "version": "2.0.0",
      "resolved": "https://repo.corp.qunar.com/artifactory/api/npm/npm-qunar/merge-stream/-/merge-stream-2.0.0.tgz",
      "integrity": "sha1-UoI2KaFN0AyXcPtq1H3GMQ8sH2A=",
      "dev": true,
      "license": "MIT"
    },
    "node_modules/micromatch": {
      "version": "4.0.5",
      "resolved": "https://repo.corp.qunar.com/artifactory/api/npm/npm-qunar/micromatch/-/micromatch-4.0.5.tgz",
      "integrity": "sha1-vImZp8u/d83InxMvbkZwUbSQkMY=",
      "dev": true,
      "license": "MIT",
      "dependencies": {
        "braces": "^3.0.2",
        "picomatch": "^2.3.1"
      },
      "engines": {
        "node": ">=8.6"
      }
    },
    "node_modules/mimic-fn": {
      "version": "4.0.0",
      "resolved": "https://repo.corp.qunar.com/artifactory/api/npm/npm-qunar/mimic-fn/-/mimic-fn-4.0.0.tgz",
      "integrity": "sha1-YKkFUNXLCyOcymXYk7GlOymHHsw=",
      "dev": true,
      "license": "MIT",
      "engines": {
        "node": ">=12"
      },
      "funding": {
        "url": "https://github.com/sponsors/sindresorhus"
      }
    },
    "node_modules/ms": {
      "version": "2.1.2",
      "resolved": "https://repo.corp.qunar.com/artifactory/api/npm/npm-qunar/ms/-/ms-2.1.2.tgz",
      "integrity": "sha1-0J0fNXtEP0kzgqjrPM0YOHKuYAk=",
      "dev": true,
      "license": "MIT"
    },
    "node_modules/npm-run-path": {
      "version": "5.1.0",
      "resolved": "https://repo.corp.qunar.com/artifactory/api/npm/npm-qunar/npm-run-path/-/npm-run-path-5.1.0.tgz",
      "integrity": "sha1-vGL38/aVLZiUvQiUS6ARpu57fgA=",
      "dev": true,
      "license": "MIT",
      "dependencies": {
        "path-key": "^4.0.0"
      },
      "engines": {
        "node": "^12.20.0 || ^14.13.1 || >=16.0.0"
      },
      "funding": {
        "url": "https://github.com/sponsors/sindresorhus"
      }
    },
    "node_modules/npm-run-path/node_modules/path-key": {
      "version": "4.0.0",
      "resolved": "https://repo.corp.qunar.com/artifactory/api/npm/npm-qunar/path-key/-/path-key-4.0.0.tgz",
      "integrity": "sha1-KVWI3DruZBVPh3rbnXgLgcVUvxg=",
      "dev": true,
      "license": "MIT",
      "engines": {
        "node": ">=12"
      },
      "funding": {
        "url": "https://github.com/sponsors/sindresorhus"
      }
    },
    "node_modules/onetime": {
      "version": "6.0.0",
      "resolved": "https://repo.corp.qunar.com/artifactory/api/npm/npm-qunar/onetime/-/onetime-6.0.0.tgz",
      "integrity": "sha1-fCTBjtH9LpvKS9JoBqM2E8d9NLQ=",
      "dev": true,
      "license": "MIT",
      "dependencies": {
        "mimic-fn": "^4.0.0"
      },
      "engines": {
        "node": ">=12"
      },
      "funding": {
        "url": "https://github.com/sponsors/sindresorhus"
      }
    },
    "node_modules/path-key": {
      "version": "3.1.1",
      "resolved": "https://repo.corp.qunar.com/artifactory/api/npm/npm-qunar/path-key/-/path-key-3.1.1.tgz",
      "integrity": "sha1-WB9q3mWMu6ZaDTOA3ndTKVBU83U=",
      "dev": true,
      "license": "MIT",
      "engines": {
        "node": ">=8"
      }
    },
    "node_modules/picomatch": {
      "version": "2.3.1",
      "resolved": "https://repo.corp.qunar.com/artifactory/api/npm/npm-qunar/picomatch/-/picomatch-2.3.1.tgz",
      "integrity": "sha1-O6ODNzNkbZ0+SZWUbBNlpn+wekI=",
      "dev": true,
      "license": "MIT",
      "engines": {
        "node": ">=8.6"
      },
      "funding": {
        "url": "https://github.com/sponsors/jonschlinkert"
      }
    },
    "node_modules/pidtree": {
      "version": "0.6.0",
      "resolved": "https://repo.corp.qunar.com/artifactory/api/npm/npm-qunar/pidtree/-/pidtree-0.6.0.tgz",
      "integrity": "sha1-kK17bULVhB5p4KJBnvOPiIOqBXw=",
      "dev": true,
      "license": "MIT",
      "bin": {
        "pidtree": "bin/pidtree.js"
      },
      "engines": {
        "node": ">=0.10"
      }
    },
    "node_modules/restore-cursor": {
      "version": "4.0.0",
      "resolved": "https://repo.corp.qunar.com/artifactory/api/npm/npm-qunar/restore-cursor/-/restore-cursor-4.0.0.tgz",
      "integrity": "sha1-UZVgpDGJdQlt725gnUQQDtqkzLk=",
      "dev": true,
      "license": "MIT",
      "dependencies": {
        "onetime": "^5.1.0",
        "signal-exit": "^3.0.2"
      },
      "engines": {
        "node": "^12.20.0 || ^14.13.1 || >=16.0.0"
      },
      "funding": {
        "url": "https://github.com/sponsors/sindresorhus"
      }
    },
    "node_modules/restore-cursor/node_modules/mimic-fn": {
      "version": "2.1.0",
      "resolved": "https://repo.corp.qunar.com/artifactory/api/npm/npm-qunar/mimic-fn/-/mimic-fn-2.1.0.tgz",
      "integrity": "sha1-ftLCzMyvhNP/y3pptXcR/CCDQBs=",
      "dev": true,
      "license": "MIT",
      "engines": {
        "node": ">=6"
      }
    },
    "node_modules/restore-cursor/node_modules/onetime": {
      "version": "5.1.2",
      "resolved": "https://repo.corp.qunar.com/artifactory/api/npm/npm-qunar/onetime/-/onetime-5.1.2.tgz",
      "integrity": "sha1-0Oluu1awdHbfHdnEgG5SN5hcpF4=",
      "dev": true,
      "license": "MIT",
      "dependencies": {
        "mimic-fn": "^2.1.0"
      },
      "engines": {
        "node": ">=6"
      },
      "funding": {
        "url": "https://github.com/sponsors/sindresorhus"
      }
    },
    "node_modules/restore-cursor/node_modules/signal-exit": {
      "version": "3.0.7",
      "resolved": "https://repo.corp.qunar.com/artifactory/api/npm/npm-qunar/signal-exit/-/signal-exit-3.0.7.tgz",
      "integrity": "sha1-qaF2f4r4QVURTqq9c/mSc8j1mtk=",
      "dev": true,
      "license": "ISC"
    },
    "node_modules/rfdc": {
      "version": "1.3.0",
      "resolved": "https://repo.corp.qunar.com/artifactory/api/npm/npm-qunar/rfdc/-/rfdc-1.3.0.tgz",
      "integrity": "sha1-0LfEQasnINBdxM8m4ByJYx2doIs=",
      "dev": true,
      "license": "MIT"
    },
    "node_modules/shebang-command": {
      "version": "2.0.0",
      "resolved": "https://repo.corp.qunar.com/artifactory/api/npm/npm-qunar/shebang-command/-/shebang-command-2.0.0.tgz",
      "integrity": "sha1-zNCvT4g1+9wmW4JGGq8MNmY/NOo=",
      "dev": true,
      "license": "MIT",
      "dependencies": {
        "shebang-regex": "^3.0.0"
      },
      "engines": {
        "node": ">=8"
      }
    },
    "node_modules/shebang-regex": {
      "version": "3.0.0",
      "resolved": "https://repo.corp.qunar.com/artifactory/api/npm/npm-qunar/shebang-regex/-/shebang-regex-3.0.0.tgz",
      "integrity": "sha1-rhbxZE2HPsrYQ7AwexQzYtTEIXI=",
      "dev": true,
      "license": "MIT",
      "engines": {
        "node": ">=8"
      }
    },
    "node_modules/signal-exit": {
      "version": "4.1.0",
      "resolved": "https://repo.corp.qunar.com/artifactory/api/npm/npm-qunar/signal-exit/-/signal-exit-4.1.0.tgz",
      "integrity": "sha1-lSGIwcvVRgcOLdIND0HArgUwywQ=",
      "dev": true,
      "license": "ISC",
      "engines": {
        "node": ">=14"
      },
      "funding": {
        "url": "https://github.com/sponsors/isaacs"
      }
    },
    "node_modules/slice-ansi": {
      "version": "5.0.0",
      "resolved": "https://repo.corp.qunar.com/artifactory/api/npm/npm-qunar/slice-ansi/-/slice-ansi-5.0.0.tgz",
      "integrity": "sha1-tzBjxXqpb5zYgWVLFSlNldKFxCo=",
      "dev": true,
      "license": "MIT",
      "dependencies": {
        "ansi-styles": "^6.0.0",
        "is-fullwidth-code-point": "^4.0.0"
      },
      "engines": {
        "node": ">=12"
      },
      "funding": {
        "url": "https://github.com/chalk/slice-ansi?sponsor=1"
      }
    },
    "node_modules/slice-ansi/node_modules/ansi-styles": {
      "version": "6.2.1",
      "resolved": "https://repo.corp.qunar.com/artifactory/api/npm/npm-qunar/ansi-styles/-/ansi-styles-6.2.1.tgz",
      "integrity": "sha1-DmIyDPmcIa//OzASGSVGqsv7BcU=",
      "dev": true,
      "license": "MIT",
      "engines": {
        "node": ">=12"
      },
      "funding": {
        "url": "https://github.com/chalk/ansi-styles?sponsor=1"
      }
    },
    "node_modules/string-argv": {
      "version": "0.3.2",
      "resolved": "https://repo.corp.qunar.com/artifactory/api/npm/npm-qunar/string-argv/-/string-argv-0.3.2.tgz",
      "integrity": "sha1-K20O8ktlYnTZV9VOCku/YVPcArY=",
      "dev": true,
      "license": "MIT",
      "engines": {
        "node": ">=0.6.19"
      }
    },
    "node_modules/string-width": {
      "version": "5.1.2",
      "resolved": "https://repo.corp.qunar.com/artifactory/api/npm/npm-qunar/string-width/-/string-width-5.1.2.tgz",
      "integrity": "sha1-FPja7G2B5yIdKjV+Zoyrc728p5Q=",
      "dev": true,
      "license": "MIT",
      "dependencies": {
        "eastasianwidth": "^0.2.0",
        "emoji-regex": "^9.2.2",
        "strip-ansi": "^7.0.1"
      },
      "engines": {
        "node": ">=12"
      },
      "funding": {
        "url": "https://github.com/sponsors/sindresorhus"
      }
    },
    "node_modules/string-width/node_modules/ansi-regex": {
      "version": "6.0.1",
      "resolved": "https://repo.corp.qunar.com/artifactory/api/npm/npm-qunar/ansi-regex/-/ansi-regex-6.0.1.tgz",
      "integrity": "sha1-MYPjj66aZdfLXlOUXNWJfQJgoGo=",
      "dev": true,
      "license": "MIT",
      "engines": {
        "node": ">=12"
      },
      "funding": {
        "url": "https://github.com/chalk/ansi-regex?sponsor=1"
      }
    },
    "node_modules/string-width/node_modules/strip-ansi": {
      "version": "7.1.0",
      "resolved": "https://repo.corp.qunar.com/artifactory/api/npm/npm-qunar/strip-ansi/-/strip-ansi-7.1.0.tgz",
      "integrity": "sha1-1bZWjKaJ2FYTcLBwdoXSJDT6/0U=",
      "dev": true,
      "license": "MIT",
      "dependencies": {
        "ansi-regex": "^6.0.1"
      },
      "engines": {
        "node": ">=12"
      },
      "funding": {
        "url": "https://github.com/chalk/strip-ansi?sponsor=1"
      }
    },
    "node_modules/strip-final-newline": {
      "version": "3.0.0",
      "resolved": "https://repo.corp.qunar.com/artifactory/api/npm/npm-qunar/strip-final-newline/-/strip-final-newline-3.0.0.tgz",
      "integrity": "sha1-UolMMT+/8xiDUoCu1g/3Hr8SuP0=",
      "dev": true,
      "license": "MIT",
      "engines": {
        "node": ">=12"
      },
      "funding": {
        "url": "https://github.com/sponsors/sindresorhus"
      }
    },
    "node_modules/to-regex-range": {
      "version": "5.0.1",
      "resolved": "https://repo.corp.qunar.com/artifactory/api/npm/npm-qunar/to-regex-range/-/to-regex-range-5.0.1.tgz",
      "integrity": "sha1-FkjESq58jZiKMmAY7XL1tN0DkuQ=",
      "dev": true,
      "license": "MIT",
      "dependencies": {
        "is-number": "^7.0.0"
      },
      "engines": {
        "node": ">=8.0"
      }
    },
    "node_modules/which": {
      "version": "2.0.2",
      "resolved": "https://repo.corp.qunar.com/artifactory/api/npm/npm-qunar/which/-/which-2.0.2.tgz",
      "integrity": "sha1-fGqN0KY2oDJ+ELWckobu6T8/UbE=",
      "dev": true,
      "license": "ISC",
      "dependencies": {
        "isexe": "^2.0.0"
      },
      "bin": {
        "node-which": "bin/node-which"
      },
      "engines": {
        "node": ">= 8"
      }
    },
    "node_modules/wrap-ansi": {
      "version": "8.1.0",
      "resolved": "https://repo.corp.qunar.com/artifactory/api/npm/npm-qunar/wrap-ansi/-/wrap-ansi-8.1.0.tgz",
      "integrity": "sha1-VtwiNo7lcPrOG0mBmXXZuaXq0hQ=",
      "dev": true,
      "license": "MIT",
      "dependencies": {
        "ansi-styles": "^6.1.0",
        "string-width": "^5.0.1",
        "strip-ansi": "^7.0.1"
      },
      "engines": {
        "node": ">=12"
      },
      "funding": {
        "url": "https://github.com/chalk/wrap-ansi?sponsor=1"
      }
    },
    "node_modules/wrap-ansi/node_modules/ansi-regex": {
      "version": "6.0.1",
      "resolved": "https://repo.corp.qunar.com/artifactory/api/npm/npm-qunar/ansi-regex/-/ansi-regex-6.0.1.tgz",
      "integrity": "sha1-MYPjj66aZdfLXlOUXNWJfQJgoGo=",
      "dev": true,
      "license": "MIT",
      "engines": {
        "node": ">=12"
      },
      "funding": {
        "url": "https://github.com/chalk/ansi-regex?sponsor=1"
      }
    },
    "node_modules/wrap-ansi/node_modules/ansi-styles": {
      "version": "6.2.1",
      "resolved": "https://repo.corp.qunar.com/artifactory/api/npm/npm-qunar/ansi-styles/-/ansi-styles-6.2.1.tgz",
      "integrity": "sha1-DmIyDPmcIa//OzASGSVGqsv7BcU=",
      "dev": true,
      "license": "MIT",
      "engines": {
        "node": ">=12"
      },
      "funding": {
        "url": "https://github.com/chalk/ansi-styles?sponsor=1"
      }
    },
    "node_modules/wrap-ansi/node_modules/strip-ansi": {
      "version": "7.1.0",
      "resolved": "https://repo.corp.qunar.com/artifactory/api/npm/npm-qunar/strip-ansi/-/strip-ansi-7.1.0.tgz",
      "integrity": "sha1-1bZWjKaJ2FYTcLBwdoXSJDT6/0U=",
      "dev": true,
      "license": "MIT",
      "dependencies": {
        "ansi-regex": "^6.0.1"
      },
      "engines": {
        "node": ">=12"
      },
      "funding": {
        "url": "https://github.com/chalk/strip-ansi?sponsor=1"
      }
    },
    "node_modules/yaml": {
      "version": "2.3.3",
      "resolved": "https://repo.corp.qunar.com/artifactory/api/npm/npm-qunar/yaml/-/yaml-2.3.3.tgz",
      "integrity": "sha1-AfbRjvA2RGNAAH244BaBDl1kqtk=",
      "dev": true,
      "license": "ISC",
      "engines": {
        "node": ">= 14"
      }
    }
  },
  "dependencies": {
    "ansi-escapes": {
      "version": "5.0.0",
      "resolved": "https://repo.corp.qunar.com/artifactory/api/npm/npm-qunar/ansi-escapes/-/ansi-escapes-5.0.0.tgz",
      "integrity": "sha1-tqDK8O7wxBrxkOmnSeDADsBLsqY=",
      "dev": true,
      "requires": {
        "type-fest": "^1.0.2"
      },
      "dependencies": {
        "type-fest": {
          "version": "1.4.0",
          "resolved": "https://repo.corp.qunar.com/artifactory/api/npm/npm-qunar/type-fest/-/type-fest-1.4.0.tgz",
          "integrity": "sha1-6fuBP+O/F0TsNZ1V0a/++nbxS+E=",
          "dev": true
        }
      }
    },
    "braces": {
      "version": "3.0.2",
      "resolved": "https://repo.corp.qunar.com/artifactory/api/npm/npm-qunar/braces/-/braces-3.0.2.tgz",
      "integrity": "sha1-NFThpGLujVmeI23zNs2epPiv4Qc=",
      "dev": true,
      "requires": {
        "fill-range": "^7.0.1"
      }
    },
    "cli-cursor": {
      "version": "4.0.0",
      "resolved": "https://repo.corp.qunar.com/artifactory/api/npm/npm-qunar/cli-cursor/-/cli-cursor-4.0.0.tgz",
      "integrity": "sha1-POz+NzS/T+Aqg2HL3A9v4oxqV+o=",
      "dev": true,
      "requires": {
        "restore-cursor": "^4.0.0"
      }
    },
    "cli-truncate": {
      "version": "3.1.0",
      "resolved": "https://repo.corp.qunar.com/artifactory/api/npm/npm-qunar/cli-truncate/-/cli-truncate-3.1.0.tgz",
      "integrity": "sha1-PyOrElNePXPoObtD5zyd5IfbE4k=",
      "dev": true,
      "requires": {
        "slice-ansi": "^5.0.0",
        "string-width": "^5.0.0"
      }
    },
    "colorette": {
      "version": "2.0.20",
      "resolved": "https://repo.corp.qunar.com/artifactory/api/npm/npm-qunar/colorette/-/colorette-2.0.20.tgz",
      "integrity": "sha1-nreT5oMwZ/cjWQL807CZF6AAqVo=",
      "dev": true
    },
    "commander": {
      "version": "11.1.0",
      "resolved": "https://repo.corp.qunar.com/artifactory/api/npm/npm-qunar/commander/-/commander-11.1.0.tgz",
      "integrity": "sha1-Yv3OdgBqaOXBqzMU3JLoAOuD2QY=",
      "dev": true
    },
    "cross-spawn": {
      "version": "7.0.3",
      "resolved": "https://repo.corp.qunar.com/artifactory/api/npm/npm-qunar/cross-spawn/-/cross-spawn-7.0.3.tgz",
      "integrity": "sha1-9zqFudXUHQRVUcF34ogtSshXKKY=",
      "dev": true,
      "requires": {
        "path-key": "^3.1.0",
        "shebang-command": "^2.0.0",
        "which": "^2.0.1"
      }
    },
    "debug": {
      "version": "4.3.4",
      "resolved": "https://repo.corp.qunar.com/artifactory/api/npm/npm-qunar/debug/-/debug-4.3.4.tgz",
      "integrity": "sha1-Exn2V5NX8jONMzfSzdSRS7XcyGU=",
      "dev": true,
      "requires": {
        "ms": "2.1.2"
      }
    },
    "eastasianwidth": {
      "version": "0.2.0",
      "resolved": "https://repo.corp.qunar.com/artifactory/api/npm/npm-qunar/eastasianwidth/-/eastasianwidth-0.2.0.tgz",
      "integrity": "sha1-aWzi7Aqg5uqTo5f/zySqeEDIJ8s=",
      "dev": true
    },
    "emoji-regex": {
      "version": "9.2.2",
      "resolved": "https://repo.corp.qunar.com/artifactory/api/npm/npm-qunar/emoji-regex/-/emoji-regex-9.2.2.tgz",
      "integrity": "sha1-hAyIA7DYBH9P8M+WMXazLU7z7XI=",
      "dev": true
    },
    "eventemitter3": {
      "version": "5.0.1",
      "resolved": "https://repo.corp.qunar.com/artifactory/api/npm/npm-qunar/eventemitter3/-/eventemitter3-5.0.1.tgz",
      "integrity": "sha1-U/X/0KSSrIAHIbtCxmuEHelkI8Q=",
      "dev": true
    },
    "execa": {
      "version": "8.0.1",
      "resolved": "https://repo.corp.qunar.com/artifactory/api/npm/npm-qunar/execa/-/execa-8.0.1.tgz",
      "integrity": "sha1-UfallDtYD5Y8PKnGMheW24zDm4w=",
      "dev": true,
      "requires": {
        "cross-spawn": "^7.0.3",
        "get-stream": "^8.0.1",
        "human-signals": "^5.0.0",
        "is-stream": "^3.0.0",
        "merge-stream": "^2.0.0",
        "npm-run-path": "^5.1.0",
        "onetime": "^6.0.0",
        "signal-exit": "^4.1.0",
        "strip-final-newline": "^3.0.0"
      }
    },
    "fill-range": {
      "version": "7.0.1",
      "resolved": "https://repo.corp.qunar.com/artifactory/api/npm/npm-qunar/fill-range/-/fill-range-7.0.1.tgz",
      "integrity": "sha1-GRmmp8df44ssfHflGYU12prN2kA=",
      "dev": true,
      "requires": {
        "to-regex-range": "^5.0.1"
      }
    },
    "get-stream": {
      "version": "8.0.1",
      "resolved": "https://repo.corp.qunar.com/artifactory/api/npm/npm-qunar/get-stream/-/get-stream-8.0.1.tgz",
      "integrity": "sha1-3vnf1xdCzXdUp3Ye1DdJon0C7KI=",
      "dev": true
    },
    "human-signals": {
      "version": "5.0.0",
      "resolved": "https://repo.corp.qunar.com/artifactory/api/npm/npm-qunar/human-signals/-/human-signals-5.0.0.tgz",
      "integrity": "sha1-QmZaKE+a4NreO6QevDfrS4UvOig=",
      "dev": true
    },
    "husky": {
      "version": "8.0.3",
      "resolved": "https://repo.corp.qunar.com/artifactory/api/npm/npm-qunar/husky/-/husky-8.0.3.tgz",
      "integrity": "sha1-STbXIS5G0d6ij+8puzoQiHLNkYQ=",
      "dev": true
    },
    "is-fullwidth-code-point": {
      "version": "4.0.0",
      "resolved": "https://repo.corp.qunar.com/artifactory/api/npm/npm-qunar/is-fullwidth-code-point/-/is-fullwidth-code-point-4.0.0.tgz",
      "integrity": "sha1-+uMWfHKedGP4RhzlErCApJJoqog=",
      "dev": true
    },
    "is-number": {
      "version": "7.0.0",
      "resolved": "https://repo.corp.qunar.com/artifactory/api/npm/npm-qunar/is-number/-/is-number-7.0.0.tgz",
      "integrity": "sha1-dTU0W4lnNNX4DE0GxQlVUnoU8Ss=",
      "dev": true
    },
    "is-stream": {
      "version": "3.0.0",
      "resolved": "https://repo.corp.qunar.com/artifactory/api/npm/npm-qunar/is-stream/-/is-stream-3.0.0.tgz",
      "integrity": "sha1-5r/XqmvvafT0cs6btoHj5XtDGaw=",
      "dev": true
    },
    "isexe": {
      "version": "2.0.0",
      "resolved": "https://repo.corp.qunar.com/artifactory/api/npm/npm-qunar/isexe/-/isexe-2.0.0.tgz",
      "integrity": "sha1-6PvzdNxVb/iUehDcsFctYz8s+hA=",
      "dev": true
    },
    "lilconfig": {
      "version": "2.1.0",
      "resolved": "https://repo.corp.qunar.com/artifactory/api/npm/npm-qunar/lilconfig/-/lilconfig-2.1.0.tgz",
      "integrity": "sha1-eOI6yJ67fhv78lsYBD3nVlSOf1I=",
      "dev": true
    },
    "lint-staged": {
      "version": "15.0.2",
      "resolved": "https://repo.corp.qunar.com/artifactory/api/npm/npm-qunar/lint-staged/-/lint-staged-15.0.2.tgz",
      "integrity": "sha1-q+9xMYLsJ3AUPkCl1tATD+Ye1EI=",
      "dev": true,
      "requires": {
        "chalk": "5.3.0",
        "commander": "11.1.0",
        "debug": "4.3.4",
        "execa": "8.0.1",
        "lilconfig": "2.1.0",
        "listr2": "7.0.2",
        "micromatch": "4.0.5",
        "pidtree": "0.6.0",
        "string-argv": "0.3.2",
        "yaml": "2.3.3"
      },
      "dependencies": {
        "chalk": {
          "version": "5.3.0",
          "resolved": "https://repo.corp.qunar.com/artifactory/api/npm/npm-qunar/chalk/-/chalk-5.3.0.tgz",
          "integrity": "sha1-Z8IKfr73Dn85cKAfkPohDLaGA4U=",
          "dev": true
        }
      }
    },
    "listr2": {
      "version": "7.0.2",
      "resolved": "https://repo.corp.qunar.com/artifactory/api/npm/npm-qunar/listr2/-/listr2-7.0.2.tgz",
      "integrity": "sha1-OqPhVJ3688V6te6rp1TaO4fzMGM=",
      "dev": true,
      "requires": {
        "cli-truncate": "^3.1.0",
        "colorette": "^2.0.20",
        "eventemitter3": "^5.0.1",
        "log-update": "^5.0.1",
        "rfdc": "^1.3.0",
        "wrap-ansi": "^8.1.0"
      }
    },
    "log-update": {
      "version": "5.0.1",
      "resolved": "https://repo.corp.qunar.com/artifactory/api/npm/npm-qunar/log-update/-/log-update-5.0.1.tgz",
      "integrity": "sha1-npKL9wyxg8HwyekdnmtxFdWXzgk=",
      "dev": true,
      "requires": {
        "ansi-escapes": "^5.0.0",
        "cli-cursor": "^4.0.0",
        "slice-ansi": "^5.0.0",
        "strip-ansi": "^7.0.1",
        "wrap-ansi": "^8.0.1"
      },
      "dependencies": {
        "ansi-regex": {
          "version": "6.0.1",
          "resolved": "https://repo.corp.qunar.com/artifactory/api/npm/npm-qunar/ansi-regex/-/ansi-regex-6.0.1.tgz",
          "integrity": "sha1-MYPjj66aZdfLXlOUXNWJfQJgoGo=",
          "dev": true
        },
        "strip-ansi": {
          "version": "7.1.0",
          "resolved": "https://repo.corp.qunar.com/artifactory/api/npm/npm-qunar/strip-ansi/-/strip-ansi-7.1.0.tgz",
          "integrity": "sha1-1bZWjKaJ2FYTcLBwdoXSJDT6/0U=",
          "dev": true,
          "requires": {
            "ansi-regex": "^6.0.1"
          }
        }
      }
    },
    "merge-stream": {
      "version": "2.0.0",
      "resolved": "https://repo.corp.qunar.com/artifactory/api/npm/npm-qunar/merge-stream/-/merge-stream-2.0.0.tgz",
      "integrity": "sha1-UoI2KaFN0AyXcPtq1H3GMQ8sH2A=",
      "dev": true
    },
    "micromatch": {
      "version": "4.0.5",
      "resolved": "https://repo.corp.qunar.com/artifactory/api/npm/npm-qunar/micromatch/-/micromatch-4.0.5.tgz",
      "integrity": "sha1-vImZp8u/d83InxMvbkZwUbSQkMY=",
      "dev": true,
      "requires": {
        "braces": "^3.0.2",
        "picomatch": "^2.3.1"
      }
    },
    "mimic-fn": {
      "version": "4.0.0",
      "resolved": "https://repo.corp.qunar.com/artifactory/api/npm/npm-qunar/mimic-fn/-/mimic-fn-4.0.0.tgz",
      "integrity": "sha1-YKkFUNXLCyOcymXYk7GlOymHHsw=",
      "dev": true
    },
    "ms": {
      "version": "2.1.2",
      "resolved": "https://repo.corp.qunar.com/artifactory/api/npm/npm-qunar/ms/-/ms-2.1.2.tgz",
      "integrity": "sha1-0J0fNXtEP0kzgqjrPM0YOHKuYAk=",
      "dev": true
    },
    "npm-run-path": {
      "version": "5.1.0",
      "resolved": "https://repo.corp.qunar.com/artifactory/api/npm/npm-qunar/npm-run-path/-/npm-run-path-5.1.0.tgz",
      "integrity": "sha1-vGL38/aVLZiUvQiUS6ARpu57fgA=",
      "dev": true,
      "requires": {
        "path-key": "^4.0.0"
      },
      "dependencies": {
        "path-key": {
          "version": "4.0.0",
          "resolved": "https://repo.corp.qunar.com/artifactory/api/npm/npm-qunar/path-key/-/path-key-4.0.0.tgz",
          "integrity": "sha1-KVWI3DruZBVPh3rbnXgLgcVUvxg=",
          "dev": true
        }
      }
    },
    "onetime": {
      "version": "6.0.0",
      "resolved": "https://repo.corp.qunar.com/artifactory/api/npm/npm-qunar/onetime/-/onetime-6.0.0.tgz",
      "integrity": "sha1-fCTBjtH9LpvKS9JoBqM2E8d9NLQ=",
      "dev": true,
      "requires": {
        "mimic-fn": "^4.0.0"
      }
    },
    "path-key": {
      "version": "3.1.1",
      "resolved": "https://repo.corp.qunar.com/artifactory/api/npm/npm-qunar/path-key/-/path-key-3.1.1.tgz",
      "integrity": "sha1-WB9q3mWMu6ZaDTOA3ndTKVBU83U=",
      "dev": true
    },
    "picomatch": {
      "version": "2.3.1",
      "resolved": "https://repo.corp.qunar.com/artifactory/api/npm/npm-qunar/picomatch/-/picomatch-2.3.1.tgz",
      "integrity": "sha1-O6ODNzNkbZ0+SZWUbBNlpn+wekI=",
      "dev": true
    },
    "pidtree": {
      "version": "0.6.0",
      "resolved": "https://repo.corp.qunar.com/artifactory/api/npm/npm-qunar/pidtree/-/pidtree-0.6.0.tgz",
      "integrity": "sha1-kK17bULVhB5p4KJBnvOPiIOqBXw=",
      "dev": true
    },
    "restore-cursor": {
      "version": "4.0.0",
      "resolved": "https://repo.corp.qunar.com/artifactory/api/npm/npm-qunar/restore-cursor/-/restore-cursor-4.0.0.tgz",
      "integrity": "sha1-UZVgpDGJdQlt725gnUQQDtqkzLk=",
      "dev": true,
      "requires": {
        "onetime": "^5.1.0",
        "signal-exit": "^3.0.2"
      },
      "dependencies": {
        "mimic-fn": {
          "version": "2.1.0",
          "resolved": "https://repo.corp.qunar.com/artifactory/api/npm/npm-qunar/mimic-fn/-/mimic-fn-2.1.0.tgz",
          "integrity": "sha1-ftLCzMyvhNP/y3pptXcR/CCDQBs=",
          "dev": true
        },
        "onetime": {
          "version": "5.1.2",
          "resolved": "https://repo.corp.qunar.com/artifactory/api/npm/npm-qunar/onetime/-/onetime-5.1.2.tgz",
          "integrity": "sha1-0Oluu1awdHbfHdnEgG5SN5hcpF4=",
          "dev": true,
          "requires": {
            "mimic-fn": "^2.1.0"
          }
        },
        "signal-exit": {
          "version": "3.0.7",
          "resolved": "https://repo.corp.qunar.com/artifactory/api/npm/npm-qunar/signal-exit/-/signal-exit-3.0.7.tgz",
          "integrity": "sha1-qaF2f4r4QVURTqq9c/mSc8j1mtk=",
          "dev": true
        }
      }
    },
    "rfdc": {
      "version": "1.3.0",
      "resolved": "https://repo.corp.qunar.com/artifactory/api/npm/npm-qunar/rfdc/-/rfdc-1.3.0.tgz",
      "integrity": "sha1-0LfEQasnINBdxM8m4ByJYx2doIs=",
      "dev": true
    },
    "shebang-command": {
      "version": "2.0.0",
      "resolved": "https://repo.corp.qunar.com/artifactory/api/npm/npm-qunar/shebang-command/-/shebang-command-2.0.0.tgz",
      "integrity": "sha1-zNCvT4g1+9wmW4JGGq8MNmY/NOo=",
      "dev": true,
      "requires": {
        "shebang-regex": "^3.0.0"
      }
    },
    "shebang-regex": {
      "version": "3.0.0",
      "resolved": "https://repo.corp.qunar.com/artifactory/api/npm/npm-qunar/shebang-regex/-/shebang-regex-3.0.0.tgz",
      "integrity": "sha1-rhbxZE2HPsrYQ7AwexQzYtTEIXI=",
      "dev": true
    },
    "signal-exit": {
      "version": "4.1.0",
      "resolved": "https://repo.corp.qunar.com/artifactory/api/npm/npm-qunar/signal-exit/-/signal-exit-4.1.0.tgz",
      "integrity": "sha1-lSGIwcvVRgcOLdIND0HArgUwywQ=",
      "dev": true
    },
    "slice-ansi": {
      "version": "5.0.0",
      "resolved": "https://repo.corp.qunar.com/artifactory/api/npm/npm-qunar/slice-ansi/-/slice-ansi-5.0.0.tgz",
      "integrity": "sha1-tzBjxXqpb5zYgWVLFSlNldKFxCo=",
      "dev": true,
      "requires": {
        "ansi-styles": "^6.0.0",
        "is-fullwidth-code-point": "^4.0.0"
      },
      "dependencies": {
        "ansi-styles": {
          "version": "6.2.1",
          "resolved": "https://repo.corp.qunar.com/artifactory/api/npm/npm-qunar/ansi-styles/-/ansi-styles-6.2.1.tgz",
          "integrity": "sha1-DmIyDPmcIa//OzASGSVGqsv7BcU=",
          "dev": true
        }
      }
    },
    "string-argv": {
      "version": "0.3.2",
      "resolved": "https://repo.corp.qunar.com/artifactory/api/npm/npm-qunar/string-argv/-/string-argv-0.3.2.tgz",
      "integrity": "sha1-K20O8ktlYnTZV9VOCku/YVPcArY=",
      "dev": true
    },
    "string-width": {
      "version": "5.1.2",
      "resolved": "https://repo.corp.qunar.com/artifactory/api/npm/npm-qunar/string-width/-/string-width-5.1.2.tgz",
      "integrity": "sha1-FPja7G2B5yIdKjV+Zoyrc728p5Q=",
      "dev": true,
      "requires": {
        "eastasianwidth": "^0.2.0",
        "emoji-regex": "^9.2.2",
        "strip-ansi": "^7.0.1"
      },
      "dependencies": {
        "ansi-regex": {
          "version": "6.0.1",
          "resolved": "https://repo.corp.qunar.com/artifactory/api/npm/npm-qunar/ansi-regex/-/ansi-regex-6.0.1.tgz",
          "integrity": "sha1-MYPjj66aZdfLXlOUXNWJfQJgoGo=",
          "dev": true
        },
        "strip-ansi": {
          "version": "7.1.0",
          "resolved": "https://repo.corp.qunar.com/artifactory/api/npm/npm-qunar/strip-ansi/-/strip-ansi-7.1.0.tgz",
          "integrity": "sha1-1bZWjKaJ2FYTcLBwdoXSJDT6/0U=",
          "dev": true,
          "requires": {
            "ansi-regex": "^6.0.1"
          }
        }
      }
    },
    "strip-final-newline": {
      "version": "3.0.0",
      "resolved": "https://repo.corp.qunar.com/artifactory/api/npm/npm-qunar/strip-final-newline/-/strip-final-newline-3.0.0.tgz",
      "integrity": "sha1-UolMMT+/8xiDUoCu1g/3Hr8SuP0=",
      "dev": true
    },
    "to-regex-range": {
      "version": "5.0.1",
      "resolved": "https://repo.corp.qunar.com/artifactory/api/npm/npm-qunar/to-regex-range/-/to-regex-range-5.0.1.tgz",
      "integrity": "sha1-FkjESq58jZiKMmAY7XL1tN0DkuQ=",
      "dev": true,
      "requires": {
        "is-number": "^7.0.0"
      }
    },
    "which": {
      "version": "2.0.2",
      "resolved": "https://repo.corp.qunar.com/artifactory/api/npm/npm-qunar/which/-/which-2.0.2.tgz",
      "integrity": "sha1-fGqN0KY2oDJ+ELWckobu6T8/UbE=",
      "dev": true,
      "requires": {
        "isexe": "^2.0.0"
      }
    },
    "wrap-ansi": {
      "version": "8.1.0",
      "resolved": "https://repo.corp.qunar.com/artifactory/api/npm/npm-qunar/wrap-ansi/-/wrap-ansi-8.1.0.tgz",
      "integrity": "sha1-VtwiNo7lcPrOG0mBmXXZuaXq0hQ=",
      "dev": true,
      "requires": {
        "ansi-styles": "^6.1.0",
        "string-width": "^5.0.1",
        "strip-ansi": "^7.0.1"
      },
      "dependencies": {
        "ansi-regex": {
          "version": "6.0.1",
          "resolved": "https://repo.corp.qunar.com/artifactory/api/npm/npm-qunar/ansi-regex/-/ansi-regex-6.0.1.tgz",
          "integrity": "sha1-MYPjj66aZdfLXlOUXNWJfQJgoGo=",
          "dev": true
        },
        "ansi-styles": {
          "version": "6.2.1",
          "resolved": "https://repo.corp.qunar.com/artifactory/api/npm/npm-qunar/ansi-styles/-/ansi-styles-6.2.1.tgz",
          "integrity": "sha1-DmIyDPmcIa//OzASGSVGqsv7BcU=",
          "dev": true
        },
        "strip-ansi": {
          "version": "7.1.0",
          "resolved": "https://repo.corp.qunar.com/artifactory/api/npm/npm-qunar/strip-ansi/-/strip-ansi-7.1.0.tgz",
          "integrity": "sha1-1bZWjKaJ2FYTcLBwdoXSJDT6/0U=",
          "dev": true,
          "requires": {
            "ansi-regex": "^6.0.1"
          }
        }
      }
    },
    "yaml": {
      "version": "2.3.3",
      "resolved": "https://repo.corp.qunar.com/artifactory/api/npm/npm-qunar/yaml/-/yaml-2.3.3.tgz",
      "integrity": "sha1-AfbRjvA2RGNAAH244BaBDl1kqtk=",
      "dev": true
    }
  }
}
